<?xml version="1.0" encoding="utf-8"?>
<Project ToolsVersion="4.0" xmlns="http://schemas.microsoft.com/developer/msbuild/2003">
  <ItemGroup>
    <Filter Include="Source Files">
      <UniqueIdentifier>{4FC737F1-C7A5-4376-A066-2A32D752A2FF}</UniqueIdentifier>
      <Extensions>cpp;c;cc;cxx;c++;cppm;ixx;def;odl;idl;hpj;bat;asm;asmx</Extensions>
    </Filter>
    <Filter Include="Header Files">
      <UniqueIdentifier>{93995380-89BD-4b04-88EB-625FBE52EBFB}</UniqueIdentifier>
      <Extensions>h;hh;hpp;hxx;h++;hm;inl;inc;ipp;xsd</Extensions>
    </Filter>
    <Filter Include="Resource Files">
      <UniqueIdentifier>{67DA6AB6-F800-4c08-8B7A-83BB121AAD01}</UniqueIdentifier>
      <Extensions>rc;ico;cur;bmp;dlg;rc2;rct;bin;rgs;gif;jpg;jpeg;jpe;resx;tiff;tif;png;wav;mfcribbon-ms</Extensions>
    </Filter>
    <Filter Include="Header Files\OperatorStrategy">
      <UniqueIdentifier>{197bf7d0-d928-4184-b6a3-124e51929c26}</UniqueIdentifier>
    </Filter>
    <Filter Include="Source Files\OperatorStrategy">
      <UniqueIdentifier>{ef294c07-ab55-4a29-80cb-943a0dabcf72}</UniqueIdentifier>
    </Filter>
    <Filter Include="Source Files\State">
      <UniqueIdentifier>{9128f1af-0efc-477e-b6aa-172df40ec8bb}</UniqueIdentifier>
    </Filter>
    <Filter Include="Header Files\State">
      <UniqueIdentifier>{aea24879-aee2-4a4a-b82a-9753a5b411a3}</UniqueIdentifier>
    </Filter>
  </ItemGroup>
  <ItemGroup>
    <ClInclude Include="MFC_Calculator.h">
      <Filter>Header Files</Filter>
    </ClInclude>
    <ClInclude Include="MFC_CalculatorDlg.h">
      <Filter>Header Files</Filter>
    </ClInclude>
    <ClInclude Include="framework.h">
      <Filter>Header Files</Filter>
    </ClInclude>
    <ClInclude Include="targetver.h">
      <Filter>Header Files</Filter>
    </ClInclude>
    <ClInclude Include="Resource.h">
      <Filter>Header Files</Filter>
    </ClInclude>
    <ClInclude Include="pch.h">
      <Filter>Header Files</Filter>
    </ClInclude>
    <ClInclude Include="AddStrategy.h">
      <Filter>Header Files\OperatorStrategy</Filter>
    </ClInclude>
    <ClInclude Include="DivStrategy.h">
      <Filter>Header Files\OperatorStrategy</Filter>
    </ClInclude>
    <ClInclude Include="MulStrategy.h">
      <Filter>Header Files\OperatorStrategy</Filter>
    </ClInclude>
    <ClInclude Include="SubStrategy.h">
      <Filter>Header Files\OperatorStrategy</Filter>
    </ClInclude>
    <ClInclude Include="OperationStrategy.h">
      <Filter>Header Files\OperatorStrategy</Filter>
    </ClInclude>
    <ClInclude Include="ICalState.h">
      <Filter>Header Files\State</Filter>
    </ClInclude>
    <ClInclude Include="NormalState.h">
      <Filter>Header Files\State</Filter>
    </ClInclude>
    <ClInclude Include="OperatorPendingState.h">
      <Filter>Header Files\State</Filter>
    </ClInclude>
    <ClInclude Include="JustCalculatedState.h">
      <Filter>Header Files\State</Filter>
    </ClInclude>
  </ItemGroup>
  <ItemGroup>
    <ClCompile Include="MFC_Calculator.cpp">
      <Filter>Source Files</Filter>
    </ClCompile>
    <ClCompile Include="MFC_CalculatorDlg.cpp">
      <Filter>Source Files</Filter>
    </ClCompile>
    <ClCompile Include="pch.cpp">
      <Filter>Source Files</Filter>
    </ClCompile>
    <ClCompile Include="AddStrategy.cpp">
      <Filter>Source Files\OperatorStrategy</Filter>
    </ClCompile>
    <ClCompile Include="DivStrategy.cpp">
      <Filter>Source Files\OperatorStrategy</Filter>
    </ClCompile>
    <ClCompile Include="MulStrategy.cpp">
      <Filter>Source Files\OperatorStrategy</Filter>
    </ClCompile>
    <ClCompile Include="SubStrategy.cpp">
      <Filter>Source Files\OperatorStrategy</Filter>
    </ClCompile>
    <ClCompile Include="OperationStrategy.cpp">
      <Filter>Source Files\OperatorStrategy</Filter>
    </ClCompile>
    <ClCompile Include="ICalState.cpp">
      <Filter>Source Files\State</Filter>
    </ClCompile>
    <ClCompile Include="NormalState.cpp">
      <Filter>Source Files\State</Filter>
    </ClCompile>
    <ClCompile Include="OperatorPendingState.cpp">
      <Filter>Source Files\State</Filter>
    </ClCompile>
    <ClCompile Include="JustCalculatedState.cpp">
      <Filter>Source Files\State</Filter>
    </ClCompile>
  </ItemGroup>
  <ItemGroup>
    <ResourceCompile Include="MFCCalculator.rc">
      <Filter>Resource Files</Filter>
    </ResourceCompile>
  </ItemGroup>
  <ItemGroup>
    <None Include="res\MFCCalculator.rc2">
      <Filter>Resource Files</Filter>
    </None>
  </ItemGroup>
  <ItemGroup>
    <Image Include="res\MFC_Calculator.ico">
      <Filter>Resource Files</Filter>
    </Image>
  </ItemGroup>
</Project>